
Microsoft Visual Studio Solution File, Format Version 12.00
# Visual Studio Version 17
VisualStudioVersion = 17.3.32922.545
MinimumVisualStudioVersion = 10.0.40219.1
Project("{9A19103F-16F7-4668-BE54-9A1E7A4F7556}") = "DYRQO6_HFT_2022231.Client", "CarsDbApp.Client\DYRQO6_HFT_2022231.Client.csproj", "{B87813B9-6107-4023-8FA2-D5C17FFD3E7E}"
EndProject
Project("{9A19103F-16F7-4668-BE54-9A1E7A4F7556}") = "DYRQO6_HFT_2022231.Models", "CarsDbApp.Models\DYRQO6_HFT_2022231.Models.csproj", "{172B7474-3883-4629-8944-B3664C005A4E}"
EndProject
Project("{9A19103F-16F7-4668-BE54-9A1E7A4F7556}") = "DYRQO6_HFT_2022231.Repository", "CarsDbApp.Repository\DYRQO6_HFT_2022231.Repository.csproj", "{4B7DD56D-34D3-4CFD-A785-D38F51FD4CB9}"
EndProject
Project("{9A19103F-16F7-4668-BE54-9A1E7A4F7556}") = "DYRQO6_HFT_2022231.Logic", "CarsDbApp.Logic\DYRQO6_HFT_2022231.Logic.csproj", "{B6F45635-4079-4703-BED0-E8D08B711B14}"
EndProject
Project("{2150E333-8FDC-42A3-9474-1A3956D46DE8}") = "Backend", "Backend", "{01834276-4D7F-4A2D-B09B-6C06C87D02FC}"
EndProject
Project("{2150E333-8FDC-42A3-9474-1A3956D46DE8}") = "Frontend", "Frontend", "{B4568D56-783B-46AB-9D7A-528DDBAE2E55}"
EndProject
Project("{2150E333-8FDC-42A3-9474-1A3956D46DE8}") = "Shared", "Shared", "{92765DCC-564F-42C2-8317-9AAD2650032C}"
EndProject
Project("{9A19103F-16F7-4668-BE54-9A1E7A4F7556}") = "DYRQO6_HFT_2022231.Test", "DYRQO6_HFT_2021222.Test\DYRQO6_HFT_2022231.Test.csproj", "{317C94E6-236E-4268-B443-A2EBD98AB7D7}"
EndProject
Project("{9A19103F-16F7-4668-BE54-9A1E7A4F7556}") = "DYRQO6_HFT_2022231.Endpoint", "DYRQO6_HFT_2022231.Endpoint\DYRQO6_HFT_2022231.Endpoint.csproj", "{958ADB59-C848-4BF7-AD8F-3146AD862A21}"
EndProject
Project("{9A19103F-16F7-4668-BE54-9A1E7A4F7556}") = "CarDealership.JSClient", "CarDealership.JSClient\CarDealership.JSClient.csproj", "{6E9E2F1A-F52D-4BB3-84C0-36EE3A4CBA01}"
EndProject
Project("{FAE04EC0-301F-11D3-BF4B-00C04F79EFBC}") = "CarDealeship.WpfClient", "CarDealeship.WpfClient\CarDealeship.WpfClient.csproj", "{68A1EAFC-E6A7-46FA-9098-0DA7A88EC28E}"
EndProject
Global
	GlobalSection(SolutionConfigurationPlatforms) = preSolution
		Debug|Any CPU = Debug|Any CPU
		Release|Any CPU = Release|Any CPU
	EndGlobalSection
	GlobalSection(ProjectConfigurationPlatforms) = postSolution
		{B87813B9-6107-4023-8FA2-D5C17FFD3E7E}.Debug|Any CPU.ActiveCfg = Debug|Any CPU
		{B87813B9-6107-4023-8FA2-D5C17FFD3E7E}.Debug|Any CPU.Build.0 = Debug|Any CPU
		{B87813B9-6107-4023-8FA2-D5C17FFD3E7E}.Release|Any CPU.ActiveCfg = Release|Any CPU
		{B87813B9-6107-4023-8FA2-D5C17FFD3E7E}.Release|Any CPU.Build.0 = Release|Any CPU
		{172B7474-3883-4629-8944-B3664C005A4E}.Debug|Any CPU.ActiveCfg = Debug|Any CPU
		{172B7474-3883-4629-8944-B3664C005A4E}.Debug|Any CPU.Build.0 = Debug|Any CPU
		{172B7474-3883-4629-8944-B3664C005A4E}.Release|Any CPU.ActiveCfg = Release|Any CPU
		{172B7474-3883-4629-8944-B3664C005A4E}.Release|Any CPU.Build.0 = Release|Any CPU
		{4B7DD56D-34D3-4CFD-A785-D38F51FD4CB9}.Debug|Any CPU.ActiveCfg = Debug|Any CPU
		{4B7DD56D-34D3-4CFD-A785-D38F51FD4CB9}.Debug|Any CPU.Build.0 = Debug|Any CPU
		{4B7DD56D-34D3-4CFD-A785-D38F51FD4CB9}.Release|Any CPU.ActiveCfg = Release|Any CPU
		{4B7DD56D-34D3-4CFD-A785-D38F51FD4CB9}.Release|Any CPU.Build.0 = Release|Any CPU
		{B6F45635-4079-4703-BED0-E8D08B711B14}.Debug|Any CPU.ActiveCfg = Debug|Any CPU
		{B6F45635-4079-4703-BED0-E8D08B711B14}.Debug|Any CPU.Build.0 = Debug|Any CPU
		{B6F45635-4079-4703-BED0-E8D08B711B14}.Release|Any CPU.ActiveCfg = Release|Any CPU
		{B6F45635-4079-4703-BED0-E8D08B711B14}.Release|Any CPU.Build.0 = Release|Any CPU
		{317C94E6-236E-4268-B443-A2EBD98AB7D7}.Debug|Any CPU.ActiveCfg = Debug|Any CPU
		{317C94E6-236E-4268-B443-A2EBD98AB7D7}.Debug|Any CPU.Build.0 = Debug|Any CPU
		{317C94E6-236E-4268-B443-A2EBD98AB7D7}.Release|Any CPU.ActiveCfg = Release|Any CPU
		{317C94E6-236E-4268-B443-A2EBD98AB7D7}.Release|Any CPU.Build.0 = Release|Any CPU
		{958ADB59-C848-4BF7-AD8F-3146AD862A21}.Debug|Any CPU.ActiveCfg = Debug|Any CPU
		{958ADB59-C848-4BF7-AD8F-3146AD862A21}.Debug|Any CPU.Build.0 = Debug|Any CPU
		{958ADB59-C848-4BF7-AD8F-3146AD862A21}.Release|Any CPU.ActiveCfg = Release|Any CPU
		{958ADB59-C848-4BF7-AD8F-3146AD862A21}.Release|Any CPU.Build.0 = Release|Any CPU
		{6E9E2F1A-F52D-4BB3-84C0-36EE3A4CBA01}.Debug|Any CPU.ActiveCfg = Debug|Any CPU
		{6E9E2F1A-F52D-4BB3-84C0-36EE3A4CBA01}.Debug|Any CPU.Build.0 = Debug|Any CPU
		{6E9E2F1A-F52D-4BB3-84C0-36EE3A4CBA01}.Release|Any CPU.ActiveCfg = Release|Any CPU
		{6E9E2F1A-F52D-4BB3-84C0-36EE3A4CBA01}.Release|Any CPU.Build.0 = Release|Any CPU
		{68A1EAFC-E6A7-46FA-9098-0DA7A88EC28E}.Debug|Any CPU.ActiveCfg = Debug|Any CPU
		{68A1EAFC-E6A7-46FA-9098-0DA7A88EC28E}.Debug|Any CPU.Build.0 = Debug|Any CPU
		{68A1EAFC-E6A7-46FA-9098-0DA7A88EC28E}.Release|Any CPU.ActiveCfg = Release|Any CPU
		{68A1EAFC-E6A7-46FA-9098-0DA7A88EC28E}.Release|Any CPU.Build.0 = Release|Any CPU
	EndGlobalSection
	GlobalSection(SolutionProperties) = preSolution
		HideSolutionNode = FALSE
	EndGlobalSection
	GlobalSection(NestedProjects) = preSolution
		{B87813B9-6107-4023-8FA2-D5C17FFD3E7E} = {B4568D56-783B-46AB-9D7A-528DDBAE2E55}
		{172B7474-3883-4629-8944-B3664C005A4E} = {92765DCC-564F-42C2-8317-9AAD2650032C}
		{4B7DD56D-34D3-4CFD-A785-D38F51FD4CB9} = {01834276-4D7F-4A2D-B09B-6C06C87D02FC}
		{B6F45635-4079-4703-BED0-E8D08B711B14} = {01834276-4D7F-4A2D-B09B-6C06C87D02FC}
		{317C94E6-236E-4268-B443-A2EBD98AB7D7} = {01834276-4D7F-4A2D-B09B-6C06C87D02FC}
		{958ADB59-C848-4BF7-AD8F-3146AD862A21} = {01834276-4D7F-4A2D-B09B-6C06C87D02FC}
		{6E9E2F1A-F52D-4BB3-84C0-36EE3A4CBA01} = {B4568D56-783B-46AB-9D7A-528DDBAE2E55}
		{68A1EAFC-E6A7-46FA-9098-0DA7A88EC28E} = {B4568D56-783B-46AB-9D7A-528DDBAE2E55}
	EndGlobalSection
	GlobalSection(ExtensibilityGlobals) = postSolution
		SolutionGuid = {5B07E7AF-63F5-4E87-A1C3-68ABE80A0527}
	EndGlobalSection
EndGlobal
